// !$*UTF8*$!
{
	archiveVersion = 1;
	classes = {
	};
	objectVersion = 55;
	objects = {

/* Begin PBXBuildFile section */
		40B452226A12E8F7993946B9 /* Pods_ToDoYandex.framework in Frameworks */ = {isa = PBXBuildFile; fileRef = 1108FBBF7497D12CE006F1A8 /* Pods_ToDoYandex.framework */; };
		5D0F7ABA289BD3E30033FF39 /* TasksListViewContoller.swift in Sources */ = {isa = PBXBuildFile; fileRef = 5D0F7AB9289BD3E30033FF39 /* TasksListViewContoller.swift */; };
		5D0F7ABB289BD3E30033FF39 /* TasksListViewContoller.swift in Sources */ = {isa = PBXBuildFile; fileRef = 5D0F7AB9289BD3E30033FF39 /* TasksListViewContoller.swift */; };
		5D0F7ABC289BD3E30033FF39 /* TasksListViewContoller.swift in Sources */ = {isa = PBXBuildFile; fileRef = 5D0F7AB9289BD3E30033FF39 /* TasksListViewContoller.swift */; };
		5D19537A28B7C2870079F020 /* TodoItemCoreData+CoreDataClass.swift in Sources */ = {isa = PBXBuildFile; fileRef = 5D19537828B7C2870079F020 /* TodoItemCoreData+CoreDataClass.swift */; };
		5D19537B28B7C2870079F020 /* TodoItemCoreData+CoreDataProperties.swift in Sources */ = {isa = PBXBuildFile; fileRef = 5D19537928B7C2870079F020 /* TodoItemCoreData+CoreDataProperties.swift */; };
		5D42412C28ACD8400037E7BD /* NetworkingTodoItem.swift in Sources */ = {isa = PBXBuildFile; fileRef = 5D42412B28ACD8400037E7BD /* NetworkingTodoItem.swift */; };
		5D42412F28AF6C970037E7BD /* RequestsAndResponses.swift in Sources */ = {isa = PBXBuildFile; fileRef = 5D42412E28AF6C970037E7BD /* RequestsAndResponses.swift */; };
		5D699A4828A4D9DA0078B17E /* TodoItem.swift in Sources */ = {isa = PBXBuildFile; fileRef = 5D699A4728A4D9DA0078B17E /* TodoItem.swift */; };
		5D6BE7DC28A9630300CD4675 /* DatePickerCell.swift in Sources */ = {isa = PBXBuildFile; fileRef = 5D6BE7DB28A9630300CD4675 /* DatePickerCell.swift */; };
		5D772BB728925B58003424C7 /* AppDelegate.swift in Sources */ = {isa = PBXBuildFile; fileRef = 5D772BB628925B58003424C7 /* AppDelegate.swift */; };
		5D772BB928925B58003424C7 /* SceneDelegate.swift in Sources */ = {isa = PBXBuildFile; fileRef = 5D772BB828925B58003424C7 /* SceneDelegate.swift */; };
		5D772BBB28925B58003424C7 /* TaskViewController.swift in Sources */ = {isa = PBXBuildFile; fileRef = 5D772BBA28925B58003424C7 /* TaskViewController.swift */; };
		5D772BC028925B59003424C7 /* Assets.xcassets in Resources */ = {isa = PBXBuildFile; fileRef = 5D772BBF28925B59003424C7 /* Assets.xcassets */; };
		5D772BC328925B59003424C7 /* LaunchScreen.storyboard in Resources */ = {isa = PBXBuildFile; fileRef = 5D772BC128925B59003424C7 /* LaunchScreen.storyboard */; };
		5D772BCE28925B59003424C7 /* ToDoYandexTests.swift in Sources */ = {isa = PBXBuildFile; fileRef = 5D772BCD28925B59003424C7 /* ToDoYandexTests.swift */; };
		5D772BD828925B59003424C7 /* ToDoYandexUITests.swift in Sources */ = {isa = PBXBuildFile; fileRef = 5D772BD728925B59003424C7 /* ToDoYandexUITests.swift */; };
		5D772BDA28925B59003424C7 /* ToDoYandexUITestsLaunchTests.swift in Sources */ = {isa = PBXBuildFile; fileRef = 5D772BD928925B59003424C7 /* ToDoYandexUITestsLaunchTests.swift */; };
		5D772BE928925EA4003424C7 /* FileCache.swift in Sources */ = {isa = PBXBuildFile; fileRef = 5D772BE828925EA4003424C7 /* FileCache.swift */; };
		5D95E4CA28A298F100A79227 /* .gitignore in Resources */ = {isa = PBXBuildFile; fileRef = 5D95E4C928A298F100A79227 /* .gitignore */; };
		5DB99FA028B7910A00079A0F /* TodoItemModel.xcdatamodeld in Sources */ = {isa = PBXBuildFile; fileRef = 5DB99F9E28B7910A00079A0F /* TodoItemModel.xcdatamodeld */; };
		5DB99FA328B7912800079A0F /* CoreDataController.swift in Sources */ = {isa = PBXBuildFile; fileRef = 5DB99FA228B7912800079A0F /* CoreDataController.swift */; };
		5DCAB91828A015AB001209C2 /* Extensions.swift in Sources */ = {isa = PBXBuildFile; fileRef = 5DCAB91728A015AB001209C2 /* Extensions.swift */; };
		5DE785ED28A66C6D00491A7D /* ColorPalette.swift in Sources */ = {isa = PBXBuildFile; fileRef = 5DE785EC28A66C6D00491A7D /* ColorPalette.swift */; };
		5DE785F028A66CB500491A7D /* ToDoItemsService.swift in Sources */ = {isa = PBXBuildFile; fileRef = 5DE785EE28A66CB500491A7D /* ToDoItemsService.swift */; };
		5DE785F128A66CB500491A7D /* DefaultNetworkingService.swift in Sources */ = {isa = PBXBuildFile; fileRef = 5DE785EF28A66CB500491A7D /* DefaultNetworkingService.swift */; };
/* End PBXBuildFile section */

/* Begin PBXContainerItemProxy section */
		5D772BCA28925B59003424C7 /* PBXContainerItemProxy */ = {
			isa = PBXContainerItemProxy;
			containerPortal = 5D772BAB28925B58003424C7 /* Project object */;
			proxyType = 1;
			remoteGlobalIDString = 5D772BB228925B58003424C7;
			remoteInfo = ToDoYandex;
		};
		5D772BD428925B59003424C7 /* PBXContainerItemProxy */ = {
			isa = PBXContainerItemProxy;
			containerPortal = 5D772BAB28925B58003424C7 /* Project object */;
			proxyType = 1;
			remoteGlobalIDString = 5D772BB228925B58003424C7;
			remoteInfo = ToDoYandex;
		};
/* End PBXContainerItemProxy section */

/* Begin PBXCopyFilesBuildPhase section */
		5D699A4428A3EF340078B17E /* Embed Frameworks */ = {
			isa = PBXCopyFilesBuildPhase;
			buildActionMask = 2147483647;
			dstPath = "";
			dstSubfolderSpec = 10;
			files = (
			);
			name = "Embed Frameworks";
			runOnlyForDeploymentPostprocessing = 0;
		};
/* End PBXCopyFilesBuildPhase section */

/* Begin PBXFileReference section */
		1108FBBF7497D12CE006F1A8 /* Pods_ToDoYandex.framework */ = {isa = PBXFileReference; explicitFileType = wrapper.framework; includeInIndex = 0; path = Pods_ToDoYandex.framework; sourceTree = BUILT_PRODUCTS_DIR; };
		5D0F7AB9289BD3E30033FF39 /* TasksListViewContoller.swift */ = {isa = PBXFileReference; lastKnownFileType = sourcecode.swift; path = TasksListViewContoller.swift; sourceTree = "<group>"; };
		5D19537828B7C2870079F020 /* TodoItemCoreData+CoreDataClass.swift */ = {isa = PBXFileReference; lastKnownFileType = sourcecode.swift; path = "TodoItemCoreData+CoreDataClass.swift"; sourceTree = "<group>"; };
		5D19537928B7C2870079F020 /* TodoItemCoreData+CoreDataProperties.swift */ = {isa = PBXFileReference; lastKnownFileType = sourcecode.swift; path = "TodoItemCoreData+CoreDataProperties.swift"; sourceTree = "<group>"; };
		5D42412B28ACD8400037E7BD /* NetworkingTodoItem.swift */ = {isa = PBXFileReference; lastKnownFileType = sourcecode.swift; path = NetworkingTodoItem.swift; sourceTree = "<group>"; };
		5D42412E28AF6C970037E7BD /* RequestsAndResponses.swift */ = {isa = PBXFileReference; lastKnownFileType = sourcecode.swift; path = RequestsAndResponses.swift; sourceTree = "<group>"; };
		5D699A4728A4D9DA0078B17E /* TodoItem.swift */ = {isa = PBXFileReference; fileEncoding = 4; lastKnownFileType = sourcecode.swift; path = TodoItem.swift; sourceTree = "<group>"; };
		5D6BE7DB28A9630300CD4675 /* DatePickerCell.swift */ = {isa = PBXFileReference; lastKnownFileType = sourcecode.swift; path = DatePickerCell.swift; sourceTree = "<group>"; };
		5D772BB328925B58003424C7 /* ToDoYandex.app */ = {isa = PBXFileReference; explicitFileType = wrapper.application; includeInIndex = 0; path = ToDoYandex.app; sourceTree = BUILT_PRODUCTS_DIR; };
		5D772BB628925B58003424C7 /* AppDelegate.swift */ = {isa = PBXFileReference; lastKnownFileType = sourcecode.swift; path = AppDelegate.swift; sourceTree = "<group>"; };
		5D772BB828925B58003424C7 /* SceneDelegate.swift */ = {isa = PBXFileReference; lastKnownFileType = sourcecode.swift; path = SceneDelegate.swift; sourceTree = "<group>"; };
		5D772BBA28925B58003424C7 /* TaskViewController.swift */ = {isa = PBXFileReference; lastKnownFileType = sourcecode.swift; path = TaskViewController.swift; sourceTree = "<group>"; };
		5D772BBF28925B59003424C7 /* Assets.xcassets */ = {isa = PBXFileReference; lastKnownFileType = folder.assetcatalog; path = Assets.xcassets; sourceTree = "<group>"; };
		5D772BC228925B59003424C7 /* Base */ = {isa = PBXFileReference; lastKnownFileType = file.storyboard; name = Base; path = Base.lproj/LaunchScreen.storyboard; sourceTree = "<group>"; };
		5D772BC428925B59003424C7 /* Info.plist */ = {isa = PBXFileReference; lastKnownFileType = text.plist.xml; path = Info.plist; sourceTree = "<group>"; };
		5D772BC928925B59003424C7 /* ToDoYandexTests.xctest */ = {isa = PBXFileReference; explicitFileType = wrapper.cfbundle; includeInIndex = 0; path = ToDoYandexTests.xctest; sourceTree = BUILT_PRODUCTS_DIR; };
		5D772BCD28925B59003424C7 /* ToDoYandexTests.swift */ = {isa = PBXFileReference; lastKnownFileType = sourcecode.swift; path = ToDoYandexTests.swift; sourceTree = "<group>"; };
		5D772BD328925B59003424C7 /* ToDoYandexUITests.xctest */ = {isa = PBXFileReference; explicitFileType = wrapper.cfbundle; includeInIndex = 0; path = ToDoYandexUITests.xctest; sourceTree = BUILT_PRODUCTS_DIR; };
		5D772BD728925B59003424C7 /* ToDoYandexUITests.swift */ = {isa = PBXFileReference; lastKnownFileType = sourcecode.swift; path = ToDoYandexUITests.swift; sourceTree = "<group>"; };
		5D772BD928925B59003424C7 /* ToDoYandexUITestsLaunchTests.swift */ = {isa = PBXFileReference; lastKnownFileType = sourcecode.swift; path = ToDoYandexUITestsLaunchTests.swift; sourceTree = "<group>"; };
		5D772BE828925EA4003424C7 /* FileCache.swift */ = {isa = PBXFileReference; lastKnownFileType = sourcecode.swift; path = FileCache.swift; sourceTree = "<group>"; };
		5D95E4C928A298F100A79227 /* .gitignore */ = {isa = PBXFileReference; lastKnownFileType = text; path = .gitignore; sourceTree = "<group>"; };
		5DB99F9F28B7910A00079A0F /* Model.xcdatamodel */ = {isa = PBXFileReference; lastKnownFileType = wrapper.xcdatamodel; path = Model.xcdatamodel; sourceTree = "<group>"; };
		5DB99FA228B7912800079A0F /* CoreDataController.swift */ = {isa = PBXFileReference; lastKnownFileType = sourcecode.swift; path = CoreDataController.swift; sourceTree = "<group>"; };
		5DCAB91728A015AB001209C2 /* Extensions.swift */ = {isa = PBXFileReference; lastKnownFileType = sourcecode.swift; path = Extensions.swift; sourceTree = "<group>"; };
		5DE785EC28A66C6D00491A7D /* ColorPalette.swift */ = {isa = PBXFileReference; fileEncoding = 4; lastKnownFileType = sourcecode.swift; path = ColorPalette.swift; sourceTree = "<group>"; };
		5DE785EE28A66CB500491A7D /* ToDoItemsService.swift */ = {isa = PBXFileReference; fileEncoding = 4; lastKnownFileType = sourcecode.swift; path = ToDoItemsService.swift; sourceTree = "<group>"; };
		5DE785EF28A66CB500491A7D /* DefaultNetworkingService.swift */ = {isa = PBXFileReference; fileEncoding = 4; lastKnownFileType = sourcecode.swift; path = DefaultNetworkingService.swift; sourceTree = "<group>"; };
		A43DF8F8D745EF857B55223C /* Pods-ToDoYandex.debug.xcconfig */ = {isa = PBXFileReference; includeInIndex = 1; lastKnownFileType = text.xcconfig; name = "Pods-ToDoYandex.debug.xcconfig"; path = "Target Support Files/Pods-ToDoYandex/Pods-ToDoYandex.debug.xcconfig"; sourceTree = "<group>"; };
		D75732542330E2E628448789 /* Pods-ToDoYandex.release.xcconfig */ = {isa = PBXFileReference; includeInIndex = 1; lastKnownFileType = text.xcconfig; name = "Pods-ToDoYandex.release.xcconfig"; path = "Target Support Files/Pods-ToDoYandex/Pods-ToDoYandex.release.xcconfig"; sourceTree = "<group>"; };
/* End PBXFileReference section */

/* Begin PBXFrameworksBuildPhase section */
		5D772BB028925B58003424C7 /* Frameworks */ = {
			isa = PBXFrameworksBuildPhase;
			buildActionMask = 2147483647;
			files = (
				40B452226A12E8F7993946B9 /* Pods_ToDoYandex.framework in Frameworks */,
			);
			runOnlyForDeploymentPostprocessing = 0;
		};
		5D772BC628925B59003424C7 /* Frameworks */ = {
			isa = PBXFrameworksBuildPhase;
			buildActionMask = 2147483647;
			files = (
			);
			runOnlyForDeploymentPostprocessing = 0;
		};
		5D772BD028925B59003424C7 /* Frameworks */ = {
			isa = PBXFrameworksBuildPhase;
			buildActionMask = 2147483647;
			files = (
			);
			runOnlyForDeploymentPostprocessing = 0;
		};
/* End PBXFrameworksBuildPhase section */

/* Begin PBXGroup section */
		11E071214A171E761FFC6309 /* Pods */ = {
			isa = PBXGroup;
			children = (
				A43DF8F8D745EF857B55223C /* Pods-ToDoYandex.debug.xcconfig */,
				D75732542330E2E628448789 /* Pods-ToDoYandex.release.xcconfig */,
			);
			path = Pods;
			sourceTree = "<group>";
		};
		5D42412D28AF6C5E0037E7BD /* Network */ = {
			isa = PBXGroup;
			children = (
				5DE785EF28A66CB500491A7D /* DefaultNetworkingService.swift */,
				5D42412B28ACD8400037E7BD /* NetworkingTodoItem.swift */,
				5D42412E28AF6C970037E7BD /* RequestsAndResponses.swift */,
			);
			path = Network;
			sourceTree = "<group>";
		};
		5D6BE7DD28A9633E00CD4675 /* View */ = {
			isa = PBXGroup;
			children = (
				5D6BE7DB28A9630300CD4675 /* DatePickerCell.swift */,
			);
			path = View;
			sourceTree = "<group>";
		};
		5D772BAA28925B58003424C7 = {
			isa = PBXGroup;
			children = (
				5D95E4C928A298F100A79227 /* .gitignore */,
				5D772BB528925B58003424C7 /* ToDoYandex */,
				5D772BCC28925B59003424C7 /* ToDoYandexTests */,
				5D772BD628925B59003424C7 /* ToDoYandexUITests */,
				5D772BB428925B58003424C7 /* Products */,
				11E071214A171E761FFC6309 /* Pods */,
				EE066F3403B4D2DEE79F8BDE /* Frameworks */,
			);
			sourceTree = "<group>";
		};
		5D772BB428925B58003424C7 /* Products */ = {
			isa = PBXGroup;
			children = (
				5D772BB328925B58003424C7 /* ToDoYandex.app */,
				5D772BC928925B59003424C7 /* ToDoYandexTests.xctest */,
				5D772BD328925B59003424C7 /* ToDoYandexUITests.xctest */,
			);
			name = Products;
			sourceTree = "<group>";
		};
		5D772BB528925B58003424C7 /* ToDoYandex */ = {
			isa = PBXGroup;
			children = (
				5DE785EC28A66C6D00491A7D /* ColorPalette.swift */,
				5D772BB628925B58003424C7 /* AppDelegate.swift */,
				5D772BB828925B58003424C7 /* SceneDelegate.swift */,
				5DCAB91728A015AB001209C2 /* Extensions.swift */,
				5D6BE7DD28A9633E00CD4675 /* View */,
				5D772BEA28929533003424C7 /* Model */,
				5DCAB91428A014E8001209C2 /* Controlls */,
				5D772BBF28925B59003424C7 /* Assets.xcassets */,
				5D772BC128925B59003424C7 /* LaunchScreen.storyboard */,
				5D772BC428925B59003424C7 /* Info.plist */,
			);
			path = ToDoYandex;
			sourceTree = "<group>";
		};
		5D772BCC28925B59003424C7 /* ToDoYandexTests */ = {
			isa = PBXGroup;
			children = (
				5D772BCD28925B59003424C7 /* ToDoYandexTests.swift */,
			);
			path = ToDoYandexTests;
			sourceTree = "<group>";
		};
		5D772BD628925B59003424C7 /* ToDoYandexUITests */ = {
			isa = PBXGroup;
			children = (
				5D772BD728925B59003424C7 /* ToDoYandexUITests.swift */,
				5D772BD928925B59003424C7 /* ToDoYandexUITestsLaunchTests.swift */,
			);
			path = ToDoYandexUITests;
			sourceTree = "<group>";
		};
		5D772BEA28929533003424C7 /* Model */ = {
			isa = PBXGroup;
			children = (
				5D42412D28AF6C5E0037E7BD /* Network */,
				5DE785EE28A66CB500491A7D /* ToDoItemsService.swift */,
				5D699A4728A4D9DA0078B17E /* TodoItem.swift */,
				5D772BE828925EA4003424C7 /* FileCache.swift */,
				5DB99FA128B7911100079A0F /* Persistence */,
			);
			path = Model;
			sourceTree = "<group>";
		};
		5DB99FA128B7911100079A0F /* Persistence */ = {
			isa = PBXGroup;
			children = (
				5D19537828B7C2870079F020 /* TodoItemCoreData+CoreDataClass.swift */,
				5D19537928B7C2870079F020 /* TodoItemCoreData+CoreDataProperties.swift */,
				5DB99F9E28B7910A00079A0F /* TodoItemModel.xcdatamodeld */,
				5DB99FA228B7912800079A0F /* CoreDataController.swift */,
			);
			path = Persistence;
			sourceTree = "<group>";
		};
		5DCAB91428A014E8001209C2 /* Controlls */ = {
			isa = PBXGroup;
			children = (
				5D772BBA28925B58003424C7 /* TaskViewController.swift */,
				5D0F7AB9289BD3E30033FF39 /* TasksListViewContoller.swift */,
			);
			path = Controlls;
			sourceTree = "<group>";
		};
		EE066F3403B4D2DEE79F8BDE /* Frameworks */ = {
			isa = PBXGroup;
			children = (
				1108FBBF7497D12CE006F1A8 /* Pods_ToDoYandex.framework */,
			);
			name = Frameworks;
			sourceTree = "<group>";
		};
/* End PBXGroup section */

/* Begin PBXNativeTarget section */
		5D772BB228925B58003424C7 /* ToDoYandex */ = {
			isa = PBXNativeTarget;
			buildConfigurationList = 5D772BDD28925B59003424C7 /* Build configuration list for PBXNativeTarget "ToDoYandex" */;
			buildPhases = (
				926878021B9FB4A97952790C /* [CP] Check Pods Manifest.lock */,
				5D772BAF28925B58003424C7 /* Sources */,
				5D772BB028925B58003424C7 /* Frameworks */,
				5D772BB128925B58003424C7 /* Resources */,
				911F03B200217827F8C0191F /* [CP] Embed Pods Frameworks */,
				5D7B21D128A2B48D00D321BC /* ShellScript */,
				5D699A4428A3EF340078B17E /* Embed Frameworks */,
			);
			buildRules = (
			);
			dependencies = (
			);
			name = ToDoYandex;
			productName = ToDoYandex;
			productReference = 5D772BB328925B58003424C7 /* ToDoYandex.app */;
			productType = "com.apple.product-type.application";
		};
		5D772BC828925B59003424C7 /* ToDoYandexTests */ = {
			isa = PBXNativeTarget;
			buildConfigurationList = 5D772BE028925B59003424C7 /* Build configuration list for PBXNativeTarget "ToDoYandexTests" */;
			buildPhases = (
				5D772BC528925B59003424C7 /* Sources */,
				5D772BC628925B59003424C7 /* Frameworks */,
				5D772BC728925B59003424C7 /* Resources */,
			);
			buildRules = (
			);
			dependencies = (
				5D772BCB28925B59003424C7 /* PBXTargetDependency */,
			);
			name = ToDoYandexTests;
			productName = ToDoYandexTests;
			productReference = 5D772BC928925B59003424C7 /* ToDoYandexTests.xctest */;
			productType = "com.apple.product-type.bundle.unit-test";
		};
		5D772BD228925B59003424C7 /* ToDoYandexUITests */ = {
			isa = PBXNativeTarget;
			buildConfigurationList = 5D772BE328925B59003424C7 /* Build configuration list for PBXNativeTarget "ToDoYandexUITests" */;
			buildPhases = (
				5D772BCF28925B59003424C7 /* Sources */,
				5D772BD028925B59003424C7 /* Frameworks */,
				5D772BD128925B59003424C7 /* Resources */,
			);
			buildRules = (
			);
			dependencies = (
				5D772BD528925B59003424C7 /* PBXTargetDependency */,
			);
			name = ToDoYandexUITests;
			productName = ToDoYandexUITests;
			productReference = 5D772BD328925B59003424C7 /* ToDoYandexUITests.xctest */;
			productType = "com.apple.product-type.bundle.ui-testing";
		};
/* End PBXNativeTarget section */

/* Begin PBXProject section */
		5D772BAB28925B58003424C7 /* Project object */ = {
			isa = PBXProject;
			attributes = {
				BuildIndependentTargetsInParallel = 1;
				LastSwiftUpdateCheck = 1340;
				LastUpgradeCheck = 1340;
				TargetAttributes = {
					5D772BB228925B58003424C7 = {
						CreatedOnToolsVersion = 13.4.1;
					};
					5D772BC828925B59003424C7 = {
						CreatedOnToolsVersion = 13.4.1;
						TestTargetID = 5D772BB228925B58003424C7;
					};
					5D772BD228925B59003424C7 = {
						CreatedOnToolsVersion = 13.4.1;
						TestTargetID = 5D772BB228925B58003424C7;
					};
				};
			};
			buildConfigurationList = 5D772BAE28925B58003424C7 /* Build configuration list for PBXProject "ToDoYandex" */;
			compatibilityVersion = "Xcode 13.0";
			developmentRegion = en;
			hasScannedForEncodings = 0;
			knownRegions = (
				en,
				Base,
			);
			mainGroup = 5D772BAA28925B58003424C7;
			productRefGroup = 5D772BB428925B58003424C7 /* Products */;
			projectDirPath = "";
			projectRoot = "";
			targets = (
				5D772BB228925B58003424C7 /* ToDoYandex */,
				5D772BC828925B59003424C7 /* ToDoYandexTests */,
				5D772BD228925B59003424C7 /* ToDoYandexUITests */,
			);
		};
/* End PBXProject section */

/* Begin PBXResourcesBuildPhase section */
		5D772BB128925B58003424C7 /* Resources */ = {
			isa = PBXResourcesBuildPhase;
			buildActionMask = 2147483647;
			files = (
				5D772BC328925B59003424C7 /* LaunchScreen.storyboard in Resources */,
				5D95E4CA28A298F100A79227 /* .gitignore in Resources */,
				5D772BC028925B59003424C7 /* Assets.xcassets in Resources */,
			);
			runOnlyForDeploymentPostprocessing = 0;
		};
		5D772BC728925B59003424C7 /* Resources */ = {
			isa = PBXResourcesBuildPhase;
			buildActionMask = 2147483647;
			files = (
			);
			runOnlyForDeploymentPostprocessing = 0;
		};
		5D772BD128925B59003424C7 /* Resources */ = {
			isa = PBXResourcesBuildPhase;
			buildActionMask = 2147483647;
			files = (
			);
			runOnlyForDeploymentPostprocessing = 0;
		};
/* End PBXResourcesBuildPhase section */

/* Begin PBXShellScriptBuildPhase section */
		5D7B21D128A2B48D00D321BC /* ShellScript */ = {
			isa = PBXShellScriptBuildPhase;
			buildActionMask = 2147483647;
			files = (
			);
			inputFileListPaths = (
			);
			inputPaths = (
			);
			outputFileListPaths = (
			);
			outputPaths = (
			);
			runOnlyForDeploymentPostprocessing = 0;
			shellPath = /bin/sh;
			shellScript = "export PATH=\"$PATH:/opt/homebrew/bin\"\nif which swiftlint > /dev/null; then\n  swiftlint autocorrect\nelse\n  echo \"warning: SwiftLint not installed, download from https://github.com/realm/SwiftLint\"\nfi\n";
		};
		911F03B200217827F8C0191F /* [CP] Embed Pods Frameworks */ = {
			isa = PBXShellScriptBuildPhase;
			buildActionMask = 2147483647;
			files = (
			);
			inputFileListPaths = (
				"${PODS_ROOT}/Target Support Files/Pods-ToDoYandex/Pods-ToDoYandex-frameworks-${CONFIGURATION}-input-files.xcfilelist",
			);
			name = "[CP] Embed Pods Frameworks";
			outputFileListPaths = (
				"${PODS_ROOT}/Target Support Files/Pods-ToDoYandex/Pods-ToDoYandex-frameworks-${CONFIGURATION}-output-files.xcfilelist",
			);
			runOnlyForDeploymentPostprocessing = 0;
			shellPath = /bin/sh;
			shellScript = "\"${PODS_ROOT}/Target Support Files/Pods-ToDoYandex/Pods-ToDoYandex-frameworks.sh\"\n";
			showEnvVarsInLog = 0;
		};
		926878021B9FB4A97952790C /* [CP] Check Pods Manifest.lock */ = {
			isa = PBXShellScriptBuildPhase;
			buildActionMask = 2147483647;
			files = (
			);
			inputFileListPaths = (
			);
			inputPaths = (
				"${PODS_PODFILE_DIR_PATH}/Podfile.lock",
				"${PODS_ROOT}/Manifest.lock",
			);
			name = "[CP] Check Pods Manifest.lock";
			outputFileListPaths = (
			);
			outputPaths = (
				"$(DERIVED_FILE_DIR)/Pods-ToDoYandex-checkManifestLockResult.txt",
			);
			runOnlyForDeploymentPostprocessing = 0;
			shellPath = /bin/sh;
			shellScript = "diff \"${PODS_PODFILE_DIR_PATH}/Podfile.lock\" \"${PODS_ROOT}/Manifest.lock\" > /dev/null\nif [ $? != 0 ] ; then\n    # print error to STDERR\n    echo \"error: The sandbox is not in sync with the Podfile.lock. Run 'pod install' or update your CocoaPods installation.\" >&2\n    exit 1\nfi\n# This output is used by Xcode 'outputs' to avoid re-running this script phase.\necho \"SUCCESS\" > \"${SCRIPT_OUTPUT_FILE_0}\"\n";
			showEnvVarsInLog = 0;
		};
/* End PBXShellScriptBuildPhase section */

/* Begin PBXSourcesBuildPhase section */
		5D772BAF28925B58003424C7 /* Sources */ = {
			isa = PBXSourcesBuildPhase;
			buildActionMask = 2147483647;
			files = (
				5D19537B28B7C2870079F020 /* TodoItemCoreData+CoreDataProperties.swift in Sources */,
				5DE785F128A66CB500491A7D /* DefaultNetworkingService.swift in Sources */,
				5D0F7ABA289BD3E30033FF39 /* TasksListViewContoller.swift in Sources */,
				5D772BBB28925B58003424C7 /* TaskViewController.swift in Sources */,
				5DB99FA028B7910A00079A0F /* TodoItemModel.xcdatamodeld in Sources */,
				5D6BE7DC28A9630300CD4675 /* DatePickerCell.swift in Sources */,
				5DE785F028A66CB500491A7D /* ToDoItemsService.swift in Sources */,
				5D42412F28AF6C970037E7BD /* RequestsAndResponses.swift in Sources */,
				5DCAB91828A015AB001209C2 /* Extensions.swift in Sources */,
				5DE785ED28A66C6D00491A7D /* ColorPalette.swift in Sources */,
				5D772BB728925B58003424C7 /* AppDelegate.swift in Sources */,
				5DB99FA328B7912800079A0F /* CoreDataController.swift in Sources */,
				5D19537A28B7C2870079F020 /* TodoItemCoreData+CoreDataClass.swift in Sources */,
				5D42412C28ACD8400037E7BD /* NetworkingTodoItem.swift in Sources */,
				5D772BE928925EA4003424C7 /* FileCache.swift in Sources */,
				5D699A4828A4D9DA0078B17E /* TodoItem.swift in Sources */,
				5D772BB928925B58003424C7 /* SceneDelegate.swift in Sources */,
			);
			runOnlyForDeploymentPostprocessing = 0;
		};
		5D772BC528925B59003424C7 /* Sources */ = {
			isa = PBXSourcesBuildPhase;
			buildActionMask = 2147483647;
			files = (
				5D0F7ABB289BD3E30033FF39 /* TasksListViewContoller.swift in Sources */,
				5D772BCE28925B59003424C7 /* ToDoYandexTests.swift in Sources */,
			);
			runOnlyForDeploymentPostprocessing = 0;
		};
		5D772BCF28925B59003424C7 /* Sources */ = {
			isa = PBXSourcesBuildPhase;
			buildActionMask = 2147483647;
			files = (
				5D0F7ABC289BD3E30033FF39 /* TasksListViewContoller.swift in Sources */,
				5D772BD828925B59003424C7 /* ToDoYandexUITests.swift in Sources */,
				5D772BDA28925B59003424C7 /* ToDoYandexUITestsLaunchTests.swift in Sources */,
			);
			runOnlyForDeploymentPostprocessing = 0;
		};
/* End PBXSourcesBuildPhase section */

/* Begin PBXTargetDependency section */
		5D772BCB28925B59003424C7 /* PBXTargetDependency */ = {
			isa = PBXTargetDependency;
			target = 5D772BB228925B58003424C7 /* ToDoYandex */;
			targetProxy = 5D772BCA28925B59003424C7 /* PBXContainerItemProxy */;
		};
		5D772BD528925B59003424C7 /* PBXTargetDependency */ = {
			isa = PBXTargetDependency;
			target = 5D772BB228925B58003424C7 /* ToDoYandex */;
			targetProxy = 5D772BD428925B59003424C7 /* PBXContainerItemProxy */;
		};
/* End PBXTargetDependency section */

/* Begin PBXVariantGroup section */
		5D772BC128925B59003424C7 /* LaunchScreen.storyboard */ = {
			isa = PBXVariantGroup;
			children = (
				5D772BC228925B59003424C7 /* Base */,
			);
			name = LaunchScreen.storyboard;
			sourceTree = "<group>";
		};
/* End PBXVariantGroup section */

/* Begin XCBuildConfiguration section */
		5D772BDB28925B59003424C7 /* Debug */ = {
			isa = XCBuildConfiguration;
			buildSettings = {
				ALWAYS_SEARCH_USER_PATHS = NO;
				CLANG_ANALYZER_NONNULL = YES;
				CLANG_ANALYZER_NUMBER_OBJECT_CONVERSION = YES_AGGRESSIVE;
				CLANG_CXX_LANGUAGE_STANDARD = "gnu++17";
				CLANG_ENABLE_MODULES = YES;
				CLANG_ENABLE_OBJC_ARC = YES;
				CLANG_ENABLE_OBJC_WEAK = YES;
				CLANG_WARN_BLOCK_CAPTURE_AUTORELEASING = YES;
				CLANG_WARN_BOOL_CONVERSION = YES;
				CLANG_WARN_COMMA = YES;
				CLANG_WARN_CONSTANT_CONVERSION = YES;
				CLANG_WARN_DEPRECATED_OBJC_IMPLEMENTATIONS = YES;
				CLANG_WARN_DIRECT_OBJC_ISA_USAGE = YES_ERROR;
				CLANG_WARN_DOCUMENTATION_COMMENTS = YES;
				CLANG_WARN_EMPTY_BODY = YES;
				CLANG_WARN_ENUM_CONVERSION = YES;
				CLANG_WARN_INFINITE_RECURSION = YES;
				CLANG_WARN_INT_CONVERSION = YES;
				CLANG_WARN_NON_LITERAL_NULL_CONVERSION = YES;
				CLANG_WARN_OBJC_IMPLICIT_RETAIN_SELF = YES;
				CLANG_WARN_OBJC_LITERAL_CONVERSION = YES;
				CLANG_WARN_OBJC_ROOT_CLASS = YES_ERROR;
				CLANG_WARN_QUOTED_INCLUDE_IN_FRAMEWORK_HEADER = YES;
				CLANG_WARN_RANGE_LOOP_ANALYSIS = YES;
				CLANG_WARN_STRICT_PROTOTYPES = YES;
				CLANG_WARN_SUSPICIOUS_MOVE = YES;
				CLANG_WARN_UNGUARDED_AVAILABILITY = YES_AGGRESSIVE;
				CLANG_WARN_UNREACHABLE_CODE = YES;
				CLANG_WARN__DUPLICATE_METHOD_MATCH = YES;
				COPY_PHASE_STRIP = NO;
				DEBUG_INFORMATION_FORMAT = dwarf;
				ENABLE_STRICT_OBJC_MSGSEND = YES;
				ENABLE_TESTABILITY = YES;
				GCC_C_LANGUAGE_STANDARD = gnu11;
				GCC_DYNAMIC_NO_PIC = NO;
				GCC_NO_COMMON_BLOCKS = YES;
				GCC_OPTIMIZATION_LEVEL = 0;
				GCC_PREPROCESSOR_DEFINITIONS = (
					"DEBUG=1",
					"$(inherited)",
				);
				GCC_WARN_64_TO_32_BIT_CONVERSION = YES;
				GCC_WARN_ABOUT_RETURN_TYPE = YES_ERROR;
				GCC_WARN_UNDECLARED_SELECTOR = YES;
				GCC_WARN_UNINITIALIZED_AUTOS = YES_AGGRESSIVE;
				GCC_WARN_UNUSED_FUNCTION = YES;
				GCC_WARN_UNUSED_VARIABLE = YES;
				IPHONEOS_DEPLOYMENT_TARGET = 15.5;
				MTL_ENABLE_DEBUG_INFO = INCLUDE_SOURCE;
				MTL_FAST_MATH = YES;
				ONLY_ACTIVE_ARCH = YES;
				SDKROOT = iphoneos;
				SWIFT_ACTIVE_COMPILATION_CONDITIONS = DEBUG;
				SWIFT_OPTIMIZATION_LEVEL = "-Onone";
			};
			name = Debug;
		};
		5D772BDC28925B59003424C7 /* Release */ = {
			isa = XCBuildConfiguration;
			buildSettings = {
				ALWAYS_SEARCH_USER_PATHS = NO;
				CLANG_ANALYZER_NONNULL = YES;
				CLANG_ANALYZER_NUMBER_OBJECT_CONVERSION = YES_AGGRESSIVE;
				CLANG_CXX_LANGUAGE_STANDARD = "gnu++17";
				CLANG_ENABLE_MODULES = YES;
				CLANG_ENABLE_OBJC_ARC = YES;
				CLANG_ENABLE_OBJC_WEAK = YES;
				CLANG_WARN_BLOCK_CAPTURE_AUTORELEASING = YES;
				CLANG_WARN_BOOL_CONVERSION = YES;
				CLANG_WARN_COMMA = YES;
				CLANG_WARN_CONSTANT_CONVERSION = YES;
				CLANG_WARN_DEPRECATED_OBJC_IMPLEMENTATIONS = YES;
				CLANG_WARN_DIRECT_OBJC_ISA_USAGE = YES_ERROR;
				CLANG_WARN_DOCUMENTATION_COMMENTS = YES;
				CLANG_WARN_EMPTY_BODY = YES;
				CLANG_WARN_ENUM_CONVERSION = YES;
				CLANG_WARN_INFINITE_RECURSION = YES;
				CLANG_WARN_INT_CONVERSION = YES;
				CLANG_WARN_NON_LITERAL_NULL_CONVERSION = YES;
				CLANG_WARN_OBJC_IMPLICIT_RETAIN_SELF = YES;
				CLANG_WARN_OBJC_LITERAL_CONVERSION = YES;
				CLANG_WARN_OBJC_ROOT_CLASS = YES_ERROR;
				CLANG_WARN_QUOTED_INCLUDE_IN_FRAMEWORK_HEADER = YES;
				CLANG_WARN_RANGE_LOOP_ANALYSIS = YES;
				CLANG_WARN_STRICT_PROTOTYPES = YES;
				CLANG_WARN_SUSPICIOUS_MOVE = YES;
				CLANG_WARN_UNGUARDED_AVAILABILITY = YES_AGGRESSIVE;
				CLANG_WARN_UNREACHABLE_CODE = YES;
				CLANG_WARN__DUPLICATE_METHOD_MATCH = YES;
				COPY_PHASE_STRIP = NO;
				DEBUG_INFORMATION_FORMAT = "dwarf-with-dsym";
				ENABLE_NS_ASSERTIONS = NO;
				ENABLE_STRICT_OBJC_MSGSEND = YES;
				GCC_C_LANGUAGE_STANDARD = gnu11;
				GCC_NO_COMMON_BLOCKS = YES;
				GCC_WARN_64_TO_32_BIT_CONVERSION = YES;
				GCC_WARN_ABOUT_RETURN_TYPE = YES_ERROR;
				GCC_WARN_UNDECLARED_SELECTOR = YES;
				GCC_WARN_UNINITIALIZED_AUTOS = YES_AGGRESSIVE;
				GCC_WARN_UNUSED_FUNCTION = YES;
				GCC_WARN_UNUSED_VARIABLE = YES;
				IPHONEOS_DEPLOYMENT_TARGET = 15.5;
				MTL_ENABLE_DEBUG_INFO = NO;
				MTL_FAST_MATH = YES;
				SDKROOT = iphoneos;
				SWIFT_COMPILATION_MODE = wholemodule;
				SWIFT_OPTIMIZATION_LEVEL = "-O";
				VALIDATE_PRODUCT = YES;
			};
			name = Release;
		};
		5D772BDE28925B59003424C7 /* Debug */ = {
			isa = XCBuildConfiguration;
			baseConfigurationReference = A43DF8F8D745EF857B55223C /* Pods-ToDoYandex.debug.xcconfig */;
			buildSettings = {
				ASSETCATALOG_COMPILER_APPICON_NAME = AppIcon;
				ASSETCATALOG_COMPILER_GLOBAL_ACCENT_COLOR_NAME = AccentColor;
				CODE_SIGN_STYLE = Automatic;
				CURRENT_PROJECT_VERSION = 1;
				DEVELOPMENT_TEAM = 894H53NVRQ;
				GENERATE_INFOPLIST_FILE = YES;
				INFOPLIST_FILE = ToDoYandex/Info.plist;
				INFOPLIST_KEY_UIApplicationSupportsIndirectInputEvents = YES;
				INFOPLIST_KEY_UILaunchStoryboardName = LaunchScreen;
				INFOPLIST_KEY_UISupportedInterfaceOrientations = UIInterfaceOrientationPortrait;
				INFOPLIST_KEY_UISupportedInterfaceOrientations_iPad = "UIInterfaceOrientationPortrait UIInterfaceOrientationPortraitUpsideDown UIInterfaceOrientationLandscapeLeft UIInterfaceOrientationLandscapeRight";
				INFOPLIST_KEY_UISupportedInterfaceOrientations_iPhone = "UIInterfaceOrientationPortrait UIInterfaceOrientationLandscapeLeft UIInterfaceOrientationLandscapeRight";
				LD_RUNPATH_SEARCH_PATHS = (
					"$(inherited)",
					"@executable_path/Frameworks",
				);
				MARKETING_VERSION = 1.0;
				PRODUCT_BUNDLE_IDENTIFIER = Taranov.ToDoYandex;
				PRODUCT_NAME = "$(TARGET_NAME)";
				SWIFT_EMIT_LOC_STRINGS = YES;
				SWIFT_VERSION = 5.0;
				TARGETED_DEVICE_FAMILY = 1;
			};
			name = Debug;
		};
		5D772BDF28925B59003424C7 /* Release */ = {
			isa = XCBuildConfiguration;
			baseConfigurationReference = D75732542330E2E628448789 /* Pods-ToDoYandex.release.xcconfig */;
			buildSettings = {
				ASSETCATALOG_COMPILER_APPICON_NAME = AppIcon;
				ASSETCATALOG_COMPILER_GLOBAL_ACCENT_COLOR_NAME = AccentColor;
				CODE_SIGN_STYLE = Automatic;
				CURRENT_PROJECT_VERSION = 1;
				DEVELOPMENT_TEAM = 894H53NVRQ;
				GENERATE_INFOPLIST_FILE = YES;
				INFOPLIST_FILE = ToDoYandex/Info.plist;
				INFOPLIST_KEY_UIApplicationSupportsIndirectInputEvents = YES;
				INFOPLIST_KEY_UILaunchStoryboardName = LaunchScreen;
				INFOPLIST_KEY_UISupportedInterfaceOrientations = UIInterfaceOrientationPortrait;
				INFOPLIST_KEY_UISupportedInterfaceOrientations_iPad = "UIInterfaceOrientationPortrait UIInterfaceOrientationPortraitUpsideDown UIInterfaceOrientationLandscapeLeft UIInterfaceOrientationLandscapeRight";
				INFOPLIST_KEY_UISupportedInterfaceOrientations_iPhone = "UIInterfaceOrientationPortrait UIInterfaceOrientationLandscapeLeft UIInterfaceOrientationLandscapeRight";
				LD_RUNPATH_SEARCH_PATHS = (
					"$(inherited)",
					"@executable_path/Frameworks",
				);
				MARKETING_VERSION = 1.0;
				PRODUCT_BUNDLE_IDENTIFIER = Taranov.ToDoYandex;
				PRODUCT_NAME = "$(TARGET_NAME)";
				SWIFT_EMIT_LOC_STRINGS = YES;
				SWIFT_VERSION = 5.0;
				TARGETED_DEVICE_FAMILY = 1;
			};
			name = Release;
		};
		5D772BE128925B59003424C7 /* Debug */ = {
			isa = XCBuildConfiguration;
			buildSettings = {
				ALWAYS_EMBED_SWIFT_STANDARD_LIBRARIES = YES;
				BUNDLE_LOADER = "$(TEST_HOST)";
				CODE_SIGN_STYLE = Automatic;
				CURRENT_PROJECT_VERSION = 1;
				DEVELOPMENT_TEAM = 894H53NVRQ;
				GENERATE_INFOPLIST_FILE = YES;
				IPHONEOS_DEPLOYMENT_TARGET = 15.5;
				MARKETING_VERSION = 1.0;
				PRODUCT_BUNDLE_IDENTIFIER = Taranov.ToDoYandexTests;
				PRODUCT_NAME = "$(TARGET_NAME)";
				SWIFT_EMIT_LOC_STRINGS = NO;
				SWIFT_VERSION = 5.0;
				TARGETED_DEVICE_FAMILY = "1,2";
				TEST_HOST = "$(BUILT_PRODUCTS_DIR)/ToDoYandex.app/ToDoYandex";
			};
			name = Debug;
		};
		5D772BE228925B59003424C7 /* Release */ = {
			isa = XCBuildConfiguration;
			buildSettings = {
				ALWAYS_EMBED_SWIFT_STANDARD_LIBRARIES = YES;
				BUNDLE_LOADER = "$(TEST_HOST)";
				CODE_SIGN_STYLE = Automatic;
				CURRENT_PROJECT_VERSION = 1;
				DEVELOPMENT_TEAM = 894H53NVRQ;
				GENERATE_INFOPLIST_FILE = YES;
				IPHONEOS_DEPLOYMENT_TARGET = 15.5;
				MARKETING_VERSION = 1.0;
				PRODUCT_BUNDLE_IDENTIFIER = Taranov.ToDoYandexTests;
				PRODUCT_NAME = "$(TARGET_NAME)";
				SWIFT_EMIT_LOC_STRINGS = NO;
				SWIFT_VERSION = 5.0;
				TARGETED_DEVICE_FAMILY = "1,2";
				TEST_HOST = "$(BUILT_PRODUCTS_DIR)/ToDoYandex.app/ToDoYandex";
			};
			name = Release;
		};
		5D772BE428925B59003424C7 /* Debug */ = {
			isa = XCBuildConfiguration;
			buildSettings = {
				ALWAYS_EMBED_SWIFT_STANDARD_LIBRARIES = YES;
				CODE_SIGN_STYLE = Automatic;
				CURRENT_PROJECT_VERSION = 1;
				DEVELOPMENT_TEAM = 894H53NVRQ;
				GENERATE_INFOPLIST_FILE = YES;
				MARKETING_VERSION = 1.0;
				PRODUCT_BUNDLE_IDENTIFIER = Taranov.ToDoYandexUITests;
				PRODUCT_NAME = "$(TARGET_NAME)";
				SWIFT_EMIT_LOC_STRINGS = NO;
				SWIFT_VERSION = 5.0;
				TARGETED_DEVICE_FAMILY = "1,2";
				TEST_TARGET_NAME = ToDoYandex;
			};
			name = Debug;
		};
		5D772BE528925B59003424C7 /* Release */ = {
			isa = XCBuildConfiguration;
			buildSettings = {
				ALWAYS_EMBED_SWIFT_STANDARD_LIBRARIES = YES;
				CODE_SIGN_STYLE = Automatic;
				CURRENT_PROJECT_VERSION = 1;
				DEVELOPMENT_TEAM = 894H53NVRQ;
				GENERATE_INFOPLIST_FILE = YES;
				MARKETING_VERSION = 1.0;
				PRODUCT_BUNDLE_IDENTIFIER = Taranov.ToDoYandexUITests;
				PRODUCT_NAME = "$(TARGET_NAME)";
				SWIFT_EMIT_LOC_STRINGS = NO;
				SWIFT_VERSION = 5.0;
				TARGETED_DEVICE_FAMILY = "1,2";
				TEST_TARGET_NAME = ToDoYandex;
			};
			name = Release;
		};
/* End XCBuildConfiguration section */

/* Begin XCConfigurationList section */
		5D772BAE28925B58003424C7 /* Build configuration list for PBXProject "ToDoYandex" */ = {
			isa = XCConfigurationList;
			buildConfigurations = (
				5D772BDB28925B59003424C7 /* Debug */,
				5D772BDC28925B59003424C7 /* Release */,
			);
			defaultConfigurationIsVisible = 0;
			defaultConfigurationName = Release;
		};
		5D772BDD28925B59003424C7 /* Build configuration list for PBXNativeTarget "ToDoYandex" */ = {
			isa = XCConfigurationList;
			buildConfigurations = (
				5D772BDE28925B59003424C7 /* Debug */,
				5D772BDF28925B59003424C7 /* Release */,
			);
			defaultConfigurationIsVisible = 0;
			defaultConfigurationName = Release;
		};
		5D772BE028925B59003424C7 /* Build configuration list for PBXNativeTarget "ToDoYandexTests" */ = {
			isa = XCConfigurationList;
			buildConfigurations = (
				5D772BE128925B59003424C7 /* Debug */,
				5D772BE228925B59003424C7 /* Release */,
			);
			defaultConfigurationIsVisible = 0;
			defaultConfigurationName = Release;
		};
		5D772BE328925B59003424C7 /* Build configuration list for PBXNativeTarget "ToDoYandexUITests" */ = {
			isa = XCConfigurationList;
			buildConfigurations = (
				5D772BE428925B59003424C7 /* Debug */,
				5D772BE528925B59003424C7 /* Release */,
			);
			defaultConfigurationIsVisible = 0;
			defaultConfigurationName = Release;
		};
/* End XCConfigurationList section */

/* Begin XCVersionGroup section */
		5DB99F9E28B7910A00079A0F /* TodoItemModel.xcdatamodeld */ = {
			isa = XCVersionGroup;
			children = (
				5DB99F9F28B7910A00079A0F /* Model.xcdatamodel */,
			);
			currentVersion = 5DB99F9F28B7910A00079A0F /* Model.xcdatamodel */;
			path = TodoItemModel.xcdatamodeld;
			sourceTree = "<group>";
			versionGroupType = wrapper.xcdatamodel;
		};
/* End XCVersionGroup section */
	};
	rootObject = 5D772BAB28925B58003424C7 /* Project object */;
}
