PODS:
  - CocoaLumberjack/Core (3.7.4)
  - CocoaLumberjack/Swift (3.7.4):
    - CocoaLumberjack/Core
  - SQLite.swift (0.13.3):
    - SQLite.swift/standard (= 0.13.3)
  - SQLite.swift/standard (0.13.3)
  - SwiftLint (0.48.0)

DEPENDENCIES:
  - CocoaLumberjack/Swift
  - SQLite.swift (~> 0.13.3)
  - SwiftLint

SPEC REPOS:
  trunk:
    - CocoaLumberjack
    - SQLite.swift
    - SwiftLint

SPEC CHECKSUMS:
  CocoaLumberjack: 543c79c114dadc3b1aba95641d8738b06b05b646
  SQLite.swift: 903bfa3bc9ab06345fdfbb578e34f47cfcf417da
  SwiftLint: 284cea64b6187c5d6bd83e9a548a64104d546447

PODFILE CHECKSUM: 92094457e0539156b46d2fc39336e822218e5633

COCOAPODS: 1.11.3
