PODS:
  - CocoaLumberjack/Core (3.7.4)
  - CocoaLumberjack/Swift (3.7.4):
    - CocoaLumberjack/Core
  - DevelopmentPod (0.1.0)
  - SwiftLint (0.48.0)

DEPENDENCIES:
  - CocoaLumberjack/Swift
  - DevelopmentPod (from `/Users/traktor/Desktop/project/ToDoYandex/DevelopmentPod/DevelopmentPod.podspec`)
  - SwiftLint

SPEC REPOS:
  trunk:
    - CocoaLumberjack
    - SwiftLint

EXTERNAL SOURCES:
  DevelopmentPod:
    :path: "/Users/traktor/Desktop/project/ToDoYandex/DevelopmentPod/DevelopmentPod.podspec"

SPEC CHECKSUMS:
  CocoaLumberjack: 543c79c114dadc3b1aba95641d8738b06b05b646
  DevelopmentPod: 96bcbc6eb2683bb00f2961c7aa12e5340c001956
  SwiftLint: 284cea64b6187c5d6bd83e9a548a64104d546447

PODFILE CHECKSUM: 0aa34f4569b79afb2e42628d35e4bd55b10edcae

COCOAPODS: 1.11.3
